
Microsoft Visual Studio Solution File, Format Version 12.00
# Visual Studio Version 17
VisualStudioVersion = 17.9.34622.214
MinimumVisualStudioVersion = 10.0.40219.1
Project("{9A19103F-16F7-4668-BE54-9A1E7A4F7556}") = "BaseDeDatos", "BaseDeDatos\BaseDeDatos\BaseDeDatos.csproj", "{F5C6A636-E30B-49B2-A902-79B811909030}"
EndProject
Project("{9A19103F-16F7-4668-BE54-9A1E7A4F7556}") = "BaseDeDatos.Client", "BaseDeDatos\BaseDeDatos.Client\BaseDeDatos.Client.csproj", "{8E3BB085-6B6B-413B-931A-0D162279A899}"
EndProject
Global
	GlobalSection(SolutionConfigurationPlatforms) = preSolution
		Debug|Any CPU = Debug|Any CPU
		Release|Any CPU = Release|Any CPU
	EndGlobalSection
	GlobalSection(ProjectConfigurationPlatforms) = postSolution
		{F5C6A636-E30B-49B2-A902-79B811909030}.Debug|Any CPU.ActiveCfg = Debug|Any CPU
		{F5C6A636-E30B-49B2-A902-79B811909030}.Debug|Any CPU.Build.0 = Debug|Any CPU
		{F5C6A636-E30B-49B2-A902-79B811909030}.Release|Any CPU.ActiveCfg = Release|Any CPU
		{F5C6A636-E30B-49B2-A902-79B811909030}.Release|Any CPU.Build.0 = Release|Any CPU
		{8E3BB085-6B6B-413B-931A-0D162279A899}.Debug|Any CPU.ActiveCfg = Debug|Any CPU
		{8E3BB085-6B6B-413B-931A-0D162279A899}.Debug|Any CPU.Build.0 = Debug|Any CPU
		{8E3BB085-6B6B-413B-931A-0D162279A899}.Release|Any CPU.ActiveCfg = Release|Any CPU
		{8E3BB085-6B6B-413B-931A-0D162279A899}.Release|Any CPU.Build.0 = Release|Any CPU
	EndGlobalSection
	GlobalSection(SolutionProperties) = preSolution
		HideSolutionNode = FALSE
	EndGlobalSection
	GlobalSection(ExtensibilityGlobals) = postSolution
		SolutionGuid = {96F926DE-3D42-4F09-AE1F-864E4423AFB7}
	EndGlobalSection
EndGlobal
